
Microsoft Visual Studio Solution File, Format Version 12.00
# Visual Studio Version 17
VisualStudioVersion = 17.14.36603.0 d17.14
MinimumVisualStudioVersion = 10.0.40219.1
Project("{FAE04EC0-301F-11D3-BF4B-00C04F79EFBC}") = "ProyectoFinal", "ProyectoFinal\ProyectoFinal.csproj", "{EA1E052E-8CC7-4E5C-8CBC-BA2CB46097D3}"
EndProject
Project("{FAE04EC0-301F-11D3-BF4B-00C04F79EFBC}") = "ProyectoFinal.DAL", "ProyectoFinal.DAL\ProyectoFinal.DAL.csproj", "{521DC361-9E52-4250-A0DB-8932CF4CA30F}"
EndProject
Project("{FAE04EC0-301F-11D3-BF4B-00C04F79EFBC}") = "ProyectoFinal.Models", "ProyectoFinal.Models\ProyectoFinal.Models.csproj", "{F495D2A0-9A6C-4E72-9FC5-8966E2AEC682}"
EndProject
Global
	GlobalSection(SolutionConfigurationPlatforms) = preSolution
		Debug|Any CPU = Debug|Any CPU
		Release|Any CPU = Release|Any CPU
	EndGlobalSection
	GlobalSection(ProjectConfigurationPlatforms) = postSolution
		{EA1E052E-8CC7-4E5C-8CBC-BA2CB46097D3}.Debug|Any CPU.ActiveCfg = Debug|Any CPU
		{EA1E052E-8CC7-4E5C-8CBC-BA2CB46097D3}.Debug|Any CPU.Build.0 = Debug|Any CPU
		{EA1E052E-8CC7-4E5C-8CBC-BA2CB46097D3}.Release|Any CPU.ActiveCfg = Release|Any CPU
		{EA1E052E-8CC7-4E5C-8CBC-BA2CB46097D3}.Release|Any CPU.Build.0 = Release|Any CPU
		{521DC361-9E52-4250-A0DB-8932CF4CA30F}.Debug|Any CPU.ActiveCfg = Debug|Any CPU
		{521DC361-9E52-4250-A0DB-8932CF4CA30F}.Debug|Any CPU.Build.0 = Debug|Any CPU
		{521DC361-9E52-4250-A0DB-8932CF4CA30F}.Release|Any CPU.ActiveCfg = Release|Any CPU
		{521DC361-9E52-4250-A0DB-8932CF4CA30F}.Release|Any CPU.Build.0 = Release|Any CPU
		{F495D2A0-9A6C-4E72-9FC5-8966E2AEC682}.Debug|Any CPU.ActiveCfg = Debug|Any CPU
		{F495D2A0-9A6C-4E72-9FC5-8966E2AEC682}.Debug|Any CPU.Build.0 = Debug|Any CPU
		{F495D2A0-9A6C-4E72-9FC5-8966E2AEC682}.Release|Any CPU.ActiveCfg = Release|Any CPU
		{F495D2A0-9A6C-4E72-9FC5-8966E2AEC682}.Release|Any CPU.Build.0 = Release|Any CPU
	EndGlobalSection
	GlobalSection(SolutionProperties) = preSolution
		HideSolutionNode = FALSE
	EndGlobalSection
	GlobalSection(ExtensibilityGlobals) = postSolution
		SolutionGuid = {4F9DAC9A-BFDD-43C0-B3CC-341AABA30FF6}
	EndGlobalSection
EndGlobal
