
Microsoft Visual Studio Solution File, Format Version 12.00
# Visual Studio Version 17
VisualStudioVersion = 17.14.36414.22 d17.14
MinimumVisualStudioVersion = 10.0.40219.1
Project("{FAE04EC0-301F-11D3-BF4B-00C04F79EFBC}") = "Laboratorio3", "Laboratorio3\Laboratorio3.csproj", "{CBC4B860-63E8-4FAD-A690-AF4F28765237}"
EndProject
Project("{FAE04EC0-301F-11D3-BF4B-00C04F79EFBC}") = "Laboratorio31", "Laboratorio31\Laboratorio31.csproj", "{E08CC8DC-5205-4C1B-A7D4-69F551DFA2DA}"
EndProject
Project("{FAE04EC0-301F-11D3-BF4B-00C04F79EFBC}") = "Laboratorio32", "Laboratorio32\Laboratorio32.csproj", "{DB32321E-0773-49F2-8DD0-983D872A987E}"
EndProject
Project("{FAE04EC0-301F-11D3-BF4B-00C04F79EFBC}") = "Laboratorio33", "Laboratorio33\Laboratorio33.csproj", "{8BDBACD4-A2E5-48BB-BD2E-3539884CB425}"
EndProject
Global
	GlobalSection(SolutionConfigurationPlatforms) = preSolution
		Debug|Any CPU = Debug|Any CPU
		Release|Any CPU = Release|Any CPU
	EndGlobalSection
	GlobalSection(ProjectConfigurationPlatforms) = postSolution
		{CBC4B860-63E8-4FAD-A690-AF4F28765237}.Debug|Any CPU.ActiveCfg = Debug|Any CPU
		{CBC4B860-63E8-4FAD-A690-AF4F28765237}.Debug|Any CPU.Build.0 = Debug|Any CPU
		{CBC4B860-63E8-4FAD-A690-AF4F28765237}.Release|Any CPU.ActiveCfg = Release|Any CPU
		{CBC4B860-63E8-4FAD-A690-AF4F28765237}.Release|Any CPU.Build.0 = Release|Any CPU
		{E08CC8DC-5205-4C1B-A7D4-69F551DFA2DA}.Debug|Any CPU.ActiveCfg = Debug|Any CPU
		{E08CC8DC-5205-4C1B-A7D4-69F551DFA2DA}.Debug|Any CPU.Build.0 = Debug|Any CPU
		{E08CC8DC-5205-4C1B-A7D4-69F551DFA2DA}.Release|Any CPU.ActiveCfg = Release|Any CPU
		{E08CC8DC-5205-4C1B-A7D4-69F551DFA2DA}.Release|Any CPU.Build.0 = Release|Any CPU
		{DB32321E-0773-49F2-8DD0-983D872A987E}.Debug|Any CPU.ActiveCfg = Debug|Any CPU
		{DB32321E-0773-49F2-8DD0-983D872A987E}.Debug|Any CPU.Build.0 = Debug|Any CPU
		{DB32321E-0773-49F2-8DD0-983D872A987E}.Release|Any CPU.ActiveCfg = Release|Any CPU
		{DB32321E-0773-49F2-8DD0-983D872A987E}.Release|Any CPU.Build.0 = Release|Any CPU
		{8BDBACD4-A2E5-48BB-BD2E-3539884CB425}.Debug|Any CPU.ActiveCfg = Debug|Any CPU
		{8BDBACD4-A2E5-48BB-BD2E-3539884CB425}.Debug|Any CPU.Build.0 = Debug|Any CPU
		{8BDBACD4-A2E5-48BB-BD2E-3539884CB425}.Release|Any CPU.ActiveCfg = Release|Any CPU
		{8BDBACD4-A2E5-48BB-BD2E-3539884CB425}.Release|Any CPU.Build.0 = Release|Any CPU
	EndGlobalSection
	GlobalSection(SolutionProperties) = preSolution
		HideSolutionNode = FALSE
	EndGlobalSection
	GlobalSection(ExtensibilityGlobals) = postSolution
		SolutionGuid = {F7911810-7923-451F-9AD5-1DB061472949}
	EndGlobalSection
EndGlobal
