
Microsoft Visual Studio Solution File, Format Version 12.00
# Visual Studio Version 17
VisualStudioVersion = 17.14.36414.22 d17.14
MinimumVisualStudioVersion = 10.0.40219.1
Project("{FAE04EC0-301F-11D3-BF4B-00C04F79EFBC}") = "Laboratorio 1", "Laboratorio 1\Laboratorio 1.csproj", "{E49C0215-1406-4A91-8309-BA1D89A7BC40}"
EndProject
Global
	GlobalSection(SolutionConfigurationPlatforms) = preSolution
		Debug|Any CPU = Debug|Any CPU
		Release|Any CPU = Release|Any CPU
	EndGlobalSection
	GlobalSection(ProjectConfigurationPlatforms) = postSolution
		{E49C0215-1406-4A91-8309-BA1D89A7BC40}.Debug|Any CPU.ActiveCfg = Debug|Any CPU
		{E49C0215-1406-4A91-8309-BA1D89A7BC40}.Debug|Any CPU.Build.0 = Debug|Any CPU
		{E49C0215-1406-4A91-8309-BA1D89A7BC40}.Release|Any CPU.ActiveCfg = Release|Any CPU
		{E49C0215-1406-4A91-8309-BA1D89A7BC40}.Release|Any CPU.Build.0 = Release|Any CPU
	EndGlobalSection
	GlobalSection(SolutionProperties) = preSolution
		HideSolutionNode = FALSE
	EndGlobalSection
	GlobalSection(ExtensibilityGlobals) = postSolution
		SolutionGuid = {5B896FFA-62A6-4248-A45D-D3161E4DAE97}
	EndGlobalSection
EndGlobal
