
Microsoft Visual Studio Solution File, Format Version 12.00
# Visual Studio Version 17
VisualStudioVersion = 17.14.36603.0 d17.14
MinimumVisualStudioVersion = 10.0.40219.1
Project("{FAE04EC0-301F-11D3-BF4B-00C04F79EFBC}") = "Parcial_3", "Parcial_3\Parcial_3.csproj", "{1479DA4E-0542-49B5-A89D-0250E1CA52A4}"
EndProject
Global
	GlobalSection(SolutionConfigurationPlatforms) = preSolution
		Debug|Any CPU = Debug|Any CPU
		Release|Any CPU = Release|Any CPU
	EndGlobalSection
	GlobalSection(ProjectConfigurationPlatforms) = postSolution
		{1479DA4E-0542-49B5-A89D-0250E1CA52A4}.Debug|Any CPU.ActiveCfg = Debug|Any CPU
		{1479DA4E-0542-49B5-A89D-0250E1CA52A4}.Debug|Any CPU.Build.0 = Debug|Any CPU
		{1479DA4E-0542-49B5-A89D-0250E1CA52A4}.Release|Any CPU.ActiveCfg = Release|Any CPU
		{1479DA4E-0542-49B5-A89D-0250E1CA52A4}.Release|Any CPU.Build.0 = Release|Any CPU
	EndGlobalSection
	GlobalSection(SolutionProperties) = preSolution
		HideSolutionNode = FALSE
	EndGlobalSection
	GlobalSection(ExtensibilityGlobals) = postSolution
		SolutionGuid = {A95ACE3E-0B8E-4512-9BBD-68FA261A0DAE}
	EndGlobalSection
EndGlobal
