
Microsoft Visual Studio Solution File, Format Version 12.00
# Visual Studio Version 17
VisualStudioVersion = 17.14.36603.0 d17.14
MinimumVisualStudioVersion = 10.0.40219.1
Project("{FAE04EC0-301F-11D3-BF4B-00C04F79EFBC}") = "Laboratorio18", "Laboratorio18\Laboratorio18.csproj", "{74D3F30B-EBBF-4A5C-93A1-A5AAE1B64A48}"
EndProject
Global
	GlobalSection(SolutionConfigurationPlatforms) = preSolution
		Debug|Any CPU = Debug|Any CPU
		Release|Any CPU = Release|Any CPU
	EndGlobalSection
	GlobalSection(ProjectConfigurationPlatforms) = postSolution
		{74D3F30B-EBBF-4A5C-93A1-A5AAE1B64A48}.Debug|Any CPU.ActiveCfg = Debug|Any CPU
		{74D3F30B-EBBF-4A5C-93A1-A5AAE1B64A48}.Debug|Any CPU.Build.0 = Debug|Any CPU
		{74D3F30B-EBBF-4A5C-93A1-A5AAE1B64A48}.Release|Any CPU.ActiveCfg = Release|Any CPU
		{74D3F30B-EBBF-4A5C-93A1-A5AAE1B64A48}.Release|Any CPU.Build.0 = Release|Any CPU
	EndGlobalSection
	GlobalSection(SolutionProperties) = preSolution
		HideSolutionNode = FALSE
	EndGlobalSection
	GlobalSection(ExtensibilityGlobals) = postSolution
		SolutionGuid = {3A3BAC7E-EE0F-40B9-B9C0-6A88BBBA2BD9}
	EndGlobalSection
EndGlobal
