
Microsoft Visual Studio Solution File, Format Version 12.00
# Visual Studio Version 17
VisualStudioVersion = 17.14.36603.0 d17.14
MinimumVisualStudioVersion = 10.0.40219.1
Project("{FAE04EC0-301F-11D3-BF4B-00C04F79EFBC}") = "Laboratorio15", "Laboratorio15\Laboratorio15.csproj", "{29553BA5-B3C4-4AC0-8040-546BB929F32E}"
EndProject
Project("{FAE04EC0-301F-11D3-BF4B-00C04F79EFBC}") = "Laboratorio152", "Laboratorio152\Laboratorio152.csproj", "{AE3E217E-A91A-48D6-A435-25BB195E12CD}"
EndProject
Project("{FAE04EC0-301F-11D3-BF4B-00C04F79EFBC}") = "Laboratorio153", "Laboratorio153\Laboratorio153.csproj", "{8391AD42-4AE6-454F-8082-B0A318AD60A8}"
EndProject
Project("{FAE04EC0-301F-11D3-BF4B-00C04F79EFBC}") = "Laboratorio154", "Laboratorio154\Laboratorio154.csproj", "{9F358292-DD96-46AD-ADF6-19252318A2BB}"
EndProject
Global
	GlobalSection(SolutionConfigurationPlatforms) = preSolution
		Debug|Any CPU = Debug|Any CPU
		Release|Any CPU = Release|Any CPU
	EndGlobalSection
	GlobalSection(ProjectConfigurationPlatforms) = postSolution
		{29553BA5-B3C4-4AC0-8040-546BB929F32E}.Debug|Any CPU.ActiveCfg = Debug|Any CPU
		{29553BA5-B3C4-4AC0-8040-546BB929F32E}.Debug|Any CPU.Build.0 = Debug|Any CPU
		{29553BA5-B3C4-4AC0-8040-546BB929F32E}.Release|Any CPU.ActiveCfg = Release|Any CPU
		{29553BA5-B3C4-4AC0-8040-546BB929F32E}.Release|Any CPU.Build.0 = Release|Any CPU
		{AE3E217E-A91A-48D6-A435-25BB195E12CD}.Debug|Any CPU.ActiveCfg = Debug|Any CPU
		{AE3E217E-A91A-48D6-A435-25BB195E12CD}.Debug|Any CPU.Build.0 = Debug|Any CPU
		{AE3E217E-A91A-48D6-A435-25BB195E12CD}.Release|Any CPU.ActiveCfg = Release|Any CPU
		{AE3E217E-A91A-48D6-A435-25BB195E12CD}.Release|Any CPU.Build.0 = Release|Any CPU
		{8391AD42-4AE6-454F-8082-B0A318AD60A8}.Debug|Any CPU.ActiveCfg = Debug|Any CPU
		{8391AD42-4AE6-454F-8082-B0A318AD60A8}.Debug|Any CPU.Build.0 = Debug|Any CPU
		{8391AD42-4AE6-454F-8082-B0A318AD60A8}.Release|Any CPU.ActiveCfg = Release|Any CPU
		{8391AD42-4AE6-454F-8082-B0A318AD60A8}.Release|Any CPU.Build.0 = Release|Any CPU
		{9F358292-DD96-46AD-ADF6-19252318A2BB}.Debug|Any CPU.ActiveCfg = Debug|Any CPU
		{9F358292-DD96-46AD-ADF6-19252318A2BB}.Debug|Any CPU.Build.0 = Debug|Any CPU
		{9F358292-DD96-46AD-ADF6-19252318A2BB}.Release|Any CPU.ActiveCfg = Release|Any CPU
		{9F358292-DD96-46AD-ADF6-19252318A2BB}.Release|Any CPU.Build.0 = Release|Any CPU
	EndGlobalSection
	GlobalSection(SolutionProperties) = preSolution
		HideSolutionNode = FALSE
	EndGlobalSection
	GlobalSection(ExtensibilityGlobals) = postSolution
		SolutionGuid = {822C93F0-7ABE-4827-A294-DE743196E0D0}
	EndGlobalSection
EndGlobal
